
Microsoft Visual Studio Solution File, Format Version 12.00
# Visual Studio Version 16
VisualStudioVersion = 16.0.31702.278
MinimumVisualStudioVersion = 10.0.40219.1
Project("{FAE04EC0-301F-11D3-BF4B-00C04F79EFBC}") = "UsersSkills.BLL", "UsersSkills.BLL\UsersSkills.BLL.csproj", "{7A222242-E219-46DF-A2D4-D5FB05B5987E}"
EndProject
Project("{FAE04EC0-301F-11D3-BF4B-00C04F79EFBC}") = "UsersSkills.DAL", "UsersSkills.DAL\UsersSkills.DAL.csproj", "{5C31F4FA-F0BC-48AA-A529-EEC6B0E3CA7B}"
EndProject
Project("{FAE04EC0-301F-11D3-BF4B-00C04F79EFBC}") = "UsersSkills.Entities", "UsersSkills.Entities\UsersSkills.Entities.csproj", "{F2BB36C7-9B74-4C62-ADA5-899257C4CE84}"
EndProject
Project("{FAE04EC0-301F-11D3-BF4B-00C04F79EFBC}") = "UsersSkills.BLL.Interfaces", "UsersSkills.BLL.Interfaces\UsersSkills.BLL.Interfaces.csproj", "{F27D4D58-B74F-4974-8782-1F6E512B767A}"
EndProject
Project("{FAE04EC0-301F-11D3-BF4B-00C04F79EFBC}") = "UsersSkills.DAL.Interfaces", "UsersSkills.DAL.Interfaces\UsersSkills.DAL.Interfaces.csproj", "{858F4CDD-3F6C-458C-8572-23E707A35897}"
EndProject
Project("{FAE04EC0-301F-11D3-BF4B-00C04F79EFBC}") = "UsersSkills.PLL", "UsersSkills.PLL\UsersSkills.PLL.csproj", "{EDA59AEC-795A-45B0-95A6-08D9DCA28134}"
EndProject
Global
	GlobalSection(SolutionConfigurationPlatforms) = preSolution
		Debug|Any CPU = Debug|Any CPU
		Release|Any CPU = Release|Any CPU
	EndGlobalSection
	GlobalSection(ProjectConfigurationPlatforms) = postSolution
		{7A222242-E219-46DF-A2D4-D5FB05B5987E}.Debug|Any CPU.ActiveCfg = Debug|Any CPU
		{7A222242-E219-46DF-A2D4-D5FB05B5987E}.Debug|Any CPU.Build.0 = Debug|Any CPU
		{7A222242-E219-46DF-A2D4-D5FB05B5987E}.Release|Any CPU.ActiveCfg = Release|Any CPU
		{7A222242-E219-46DF-A2D4-D5FB05B5987E}.Release|Any CPU.Build.0 = Release|Any CPU
		{5C31F4FA-F0BC-48AA-A529-EEC6B0E3CA7B}.Debug|Any CPU.ActiveCfg = Debug|Any CPU
		{5C31F4FA-F0BC-48AA-A529-EEC6B0E3CA7B}.Debug|Any CPU.Build.0 = Debug|Any CPU
		{5C31F4FA-F0BC-48AA-A529-EEC6B0E3CA7B}.Release|Any CPU.ActiveCfg = Release|Any CPU
		{5C31F4FA-F0BC-48AA-A529-EEC6B0E3CA7B}.Release|Any CPU.Build.0 = Release|Any CPU
		{F2BB36C7-9B74-4C62-ADA5-899257C4CE84}.Debug|Any CPU.ActiveCfg = Debug|Any CPU
		{F2BB36C7-9B74-4C62-ADA5-899257C4CE84}.Debug|Any CPU.Build.0 = Debug|Any CPU
		{F2BB36C7-9B74-4C62-ADA5-899257C4CE84}.Release|Any CPU.ActiveCfg = Release|Any CPU
		{F2BB36C7-9B74-4C62-ADA5-899257C4CE84}.Release|Any CPU.Build.0 = Release|Any CPU
		{F27D4D58-B74F-4974-8782-1F6E512B767A}.Debug|Any CPU.ActiveCfg = Debug|Any CPU
		{F27D4D58-B74F-4974-8782-1F6E512B767A}.Debug|Any CPU.Build.0 = Debug|Any CPU
		{F27D4D58-B74F-4974-8782-1F6E512B767A}.Release|Any CPU.ActiveCfg = Release|Any CPU
		{F27D4D58-B74F-4974-8782-1F6E512B767A}.Release|Any CPU.Build.0 = Release|Any CPU
		{858F4CDD-3F6C-458C-8572-23E707A35897}.Debug|Any CPU.ActiveCfg = Debug|Any CPU
		{858F4CDD-3F6C-458C-8572-23E707A35897}.Debug|Any CPU.Build.0 = Debug|Any CPU
		{858F4CDD-3F6C-458C-8572-23E707A35897}.Release|Any CPU.ActiveCfg = Release|Any CPU
		{858F4CDD-3F6C-458C-8572-23E707A35897}.Release|Any CPU.Build.0 = Release|Any CPU
		{EDA59AEC-795A-45B0-95A6-08D9DCA28134}.Debug|Any CPU.ActiveCfg = Debug|Any CPU
		{EDA59AEC-795A-45B0-95A6-08D9DCA28134}.Debug|Any CPU.Build.0 = Debug|Any CPU
		{EDA59AEC-795A-45B0-95A6-08D9DCA28134}.Release|Any CPU.ActiveCfg = Release|Any CPU
		{EDA59AEC-795A-45B0-95A6-08D9DCA28134}.Release|Any CPU.Build.0 = Release|Any CPU
	EndGlobalSection
	GlobalSection(SolutionProperties) = preSolution
		HideSolutionNode = FALSE
	EndGlobalSection
	GlobalSection(ExtensibilityGlobals) = postSolution
		SolutionGuid = {1D2DC583-DC15-47EC-8585-A210CDAF0B6F}
	EndGlobalSection
EndGlobal
